
Microsoft Visual Studio Solution File, Format Version 12.00
# Visual Studio Version 17
VisualStudioVersion = 17.5.002.0
MinimumVisualStudioVersion = 10.0.40219.1
Project("{2150E333-8FDC-42A3-9474-1A3956D46DE8}") = "sandbox", "sandbox", "{F034B6AE-D6D5-4C67-8092-49A3A78A57AB}"
EndProject
Project("{9A19103F-16F7-4668-BE54-9A1E7A4F7556}") = "sandbox_project", "sandbox\sandbox_project\sandbox_project.csproj", "{F8C8928C-F3BA-4D41-8A7B-C30A7ADAB93A}"
EndProject
Project("{2150E333-8FDC-42A3-9474-1A3956D46DE8}") = "week01", "week01", "{A4A94F69-24DC-45E9-A8E7-4DCEC238B04F}"
EndProject
Project("{9A19103F-16F7-4668-BE54-9A1E7A4F7556}") = "analyze", "week01\analyze\analyze.csproj", "{95AB6592-E1BA-4C57-BAD8-47891FA364AB}"
EndProject
Project("{9A19103F-16F7-4668-BE54-9A1E7A4F7556}") = "code", "week01\code\code.csproj", "{63367FF2-DD00-4555-8F56-814F9FB4E8B6}"
EndProject
Project("{9A19103F-16F7-4668-BE54-9A1E7A4F7556}") = "teach", "week01\teach\teach.csproj", "{D1F3BDAF-501E-47F3-84D7-C12654120D95}"
EndProject
Project("{2150E333-8FDC-42A3-9474-1A3956D46DE8}") = "week02", "week02", "{7B5CEFC6-8D3A-460D-8387-1F94D64FCD84}"
EndProject
Project("{9A19103F-16F7-4668-BE54-9A1E7A4F7556}") = "analyze", "week02\analyze\analyze.csproj", "{03D880FF-AF6D-4055-BE80-8D2551A97166}"
EndProject
Project("{9A19103F-16F7-4668-BE54-9A1E7A4F7556}") = "code", "week02\code\code.csproj", "{523D91E3-0BA7-4F2C-9301-7D411FAF2728}"
EndProject
Project("{9A19103F-16F7-4668-BE54-9A1E7A4F7556}") = "learn", "week02\learn\learn.csproj", "{A7654759-4955-4C62-872F-4B8AABBA42A0}"
EndProject
Project("{9A19103F-16F7-4668-BE54-9A1E7A4F7556}") = "teach", "week02\teach\teach.csproj", "{8BF2CCB8-0145-4A55-83C2-445876391EFC}"
EndProject
Project("{2150E333-8FDC-42A3-9474-1A3956D46DE8}") = "week03", "week03", "{9642C5B2-5FB2-44BE-9EC5-E543A97FBAC0}"
EndProject
Project("{9A19103F-16F7-4668-BE54-9A1E7A4F7556}") = "code", "week03\code\code.csproj", "{9FEE1DEC-1CE4-44F0-90BC-223D604D024C}"
EndProject
Project("{9A19103F-16F7-4668-BE54-9A1E7A4F7556}") = "learn", "week03\learn\learn.csproj", "{E489BAC4-F79D-4295-BB2B-B954E374E8F7}"
EndProject
Project("{9A19103F-16F7-4668-BE54-9A1E7A4F7556}") = "teach", "week03\teach\teach.csproj", "{E048D154-8F5C-4049-970B-32BA5ED289DB}"
EndProject
Project("{2150E333-8FDC-42A3-9474-1A3956D46DE8}") = "week04", "week04", "{328C9637-C953-4D70-9DF4-A92FEB558C7A}"
EndProject
Project("{9A19103F-16F7-4668-BE54-9A1E7A4F7556}") = "code", "week04\code\code.csproj", "{CAA4FECC-3A47-47CB-9962-D101FE0C5CA2}"
EndProject
Project("{2150E333-8FDC-42A3-9474-1A3956D46DE8}") = "week05", "week05", "{946EB752-1C75-4891-8E3B-42D1D1209143}"
EndProject
Project("{9A19103F-16F7-4668-BE54-9A1E7A4F7556}") = "code", "week05\code\code.csproj", "{2F632D3E-FFD9-4398-A500-326204990EB3}"
EndProject
Project("{2150E333-8FDC-42A3-9474-1A3956D46DE8}") = "week06", "week06", "{D5881754-37DB-445F-A635-180C12EEEDCC}"
EndProject
Project("{9A19103F-16F7-4668-BE54-9A1E7A4F7556}") = "code", "week06\code\code.csproj", "{45A503F9-F330-43CF-861C-936068342CDC}"
EndProject
Global
	GlobalSection(SolutionConfigurationPlatforms) = preSolution
		Debug|Any CPU = Debug|Any CPU
		Release|Any CPU = Release|Any CPU
	EndGlobalSection
	GlobalSection(ProjectConfigurationPlatforms) = postSolution
		{F8C8928C-F3BA-4D41-8A7B-C30A7ADAB93A}.Debug|Any CPU.ActiveCfg = Debug|Any CPU
		{F8C8928C-F3BA-4D41-8A7B-C30A7ADAB93A}.Debug|Any CPU.Build.0 = Debug|Any CPU
		{F8C8928C-F3BA-4D41-8A7B-C30A7ADAB93A}.Release|Any CPU.ActiveCfg = Release|Any CPU
		{F8C8928C-F3BA-4D41-8A7B-C30A7ADAB93A}.Release|Any CPU.Build.0 = Release|Any CPU
		{95AB6592-E1BA-4C57-BAD8-47891FA364AB}.Debug|Any CPU.ActiveCfg = Debug|Any CPU
		{95AB6592-E1BA-4C57-BAD8-47891FA364AB}.Debug|Any CPU.Build.0 = Debug|Any CPU
		{95AB6592-E1BA-4C57-BAD8-47891FA364AB}.Release|Any CPU.ActiveCfg = Release|Any CPU
		{95AB6592-E1BA-4C57-BAD8-47891FA364AB}.Release|Any CPU.Build.0 = Release|Any CPU
		{63367FF2-DD00-4555-8F56-814F9FB4E8B6}.Debug|Any CPU.ActiveCfg = Debug|Any CPU
		{63367FF2-DD00-4555-8F56-814F9FB4E8B6}.Debug|Any CPU.Build.0 = Debug|Any CPU
		{63367FF2-DD00-4555-8F56-814F9FB4E8B6}.Release|Any CPU.ActiveCfg = Release|Any CPU
		{63367FF2-DD00-4555-8F56-814F9FB4E8B6}.Release|Any CPU.Build.0 = Release|Any CPU
		{D1F3BDAF-501E-47F3-84D7-C12654120D95}.Debug|Any CPU.ActiveCfg = Debug|Any CPU
		{D1F3BDAF-501E-47F3-84D7-C12654120D95}.Debug|Any CPU.Build.0 = Debug|Any CPU
		{D1F3BDAF-501E-47F3-84D7-C12654120D95}.Release|Any CPU.ActiveCfg = Release|Any CPU
		{D1F3BDAF-501E-47F3-84D7-C12654120D95}.Release|Any CPU.Build.0 = Release|Any CPU
		{03D880FF-AF6D-4055-BE80-8D2551A97166}.Debug|Any CPU.ActiveCfg = Debug|Any CPU
		{03D880FF-AF6D-4055-BE80-8D2551A97166}.Debug|Any CPU.Build.0 = Debug|Any CPU
		{03D880FF-AF6D-4055-BE80-8D2551A97166}.Release|Any CPU.ActiveCfg = Release|Any CPU
		{03D880FF-AF6D-4055-BE80-8D2551A97166}.Release|Any CPU.Build.0 = Release|Any CPU
		{523D91E3-0BA7-4F2C-9301-7D411FAF2728}.Debug|Any CPU.ActiveCfg = Debug|Any CPU
		{523D91E3-0BA7-4F2C-9301-7D411FAF2728}.Debug|Any CPU.Build.0 = Debug|Any CPU
		{523D91E3-0BA7-4F2C-9301-7D411FAF2728}.Release|Any CPU.ActiveCfg = Release|Any CPU
		{523D91E3-0BA7-4F2C-9301-7D411FAF2728}.Release|Any CPU.Build.0 = Release|Any CPU
		{A7654759-4955-4C62-872F-4B8AABBA42A0}.Debug|Any CPU.ActiveCfg = Debug|Any CPU
		{A7654759-4955-4C62-872F-4B8AABBA42A0}.Debug|Any CPU.Build.0 = Debug|Any CPU
		{A7654759-4955-4C62-872F-4B8AABBA42A0}.Release|Any CPU.ActiveCfg = Release|Any CPU
		{A7654759-4955-4C62-872F-4B8AABBA42A0}.Release|Any CPU.Build.0 = Release|Any CPU
		{8BF2CCB8-0145-4A55-83C2-445876391EFC}.Debug|Any CPU.ActiveCfg = Debug|Any CPU
		{8BF2CCB8-0145-4A55-83C2-445876391EFC}.Debug|Any CPU.Build.0 = Debug|Any CPU
		{8BF2CCB8-0145-4A55-83C2-445876391EFC}.Release|Any CPU.ActiveCfg = Release|Any CPU
		{8BF2CCB8-0145-4A55-83C2-445876391EFC}.Release|Any CPU.Build.0 = Release|Any CPU
		{9FEE1DEC-1CE4-44F0-90BC-223D604D024C}.Debug|Any CPU.ActiveCfg = Debug|Any CPU
		{9FEE1DEC-1CE4-44F0-90BC-223D604D024C}.Debug|Any CPU.Build.0 = Debug|Any CPU
		{9FEE1DEC-1CE4-44F0-90BC-223D604D024C}.Release|Any CPU.ActiveCfg = Release|Any CPU
		{9FEE1DEC-1CE4-44F0-90BC-223D604D024C}.Release|Any CPU.Build.0 = Release|Any CPU
		{E489BAC4-F79D-4295-BB2B-B954E374E8F7}.Debug|Any CPU.ActiveCfg = Debug|Any CPU
		{E489BAC4-F79D-4295-BB2B-B954E374E8F7}.Debug|Any CPU.Build.0 = Debug|Any CPU
		{E489BAC4-F79D-4295-BB2B-B954E374E8F7}.Release|Any CPU.ActiveCfg = Release|Any CPU
		{E489BAC4-F79D-4295-BB2B-B954E374E8F7}.Release|Any CPU.Build.0 = Release|Any CPU
		{E048D154-8F5C-4049-970B-32BA5ED289DB}.Debug|Any CPU.ActiveCfg = Debug|Any CPU
		{E048D154-8F5C-4049-970B-32BA5ED289DB}.Debug|Any CPU.Build.0 = Debug|Any CPU
		{E048D154-8F5C-4049-970B-32BA5ED289DB}.Release|Any CPU.ActiveCfg = Release|Any CPU
		{E048D154-8F5C-4049-970B-32BA5ED289DB}.Release|Any CPU.Build.0 = Release|Any CPU
		{CAA4FECC-3A47-47CB-9962-D101FE0C5CA2}.Debug|Any CPU.ActiveCfg = Debug|Any CPU
		{CAA4FECC-3A47-47CB-9962-D101FE0C5CA2}.Debug|Any CPU.Build.0 = Debug|Any CPU
		{CAA4FECC-3A47-47CB-9962-D101FE0C5CA2}.Release|Any CPU.ActiveCfg = Release|Any CPU
		{CAA4FECC-3A47-47CB-9962-D101FE0C5CA2}.Release|Any CPU.Build.0 = Release|Any CPU
		{2F632D3E-FFD9-4398-A500-326204990EB3}.Debug|Any CPU.ActiveCfg = Debug|Any CPU
		{2F632D3E-FFD9-4398-A500-326204990EB3}.Debug|Any CPU.Build.0 = Debug|Any CPU
		{2F632D3E-FFD9-4398-A500-326204990EB3}.Release|Any CPU.ActiveCfg = Release|Any CPU
		{2F632D3E-FFD9-4398-A500-326204990EB3}.Release|Any CPU.Build.0 = Release|Any CPU
		{45A503F9-F330-43CF-861C-936068342CDC}.Debug|Any CPU.ActiveCfg = Debug|Any CPU
		{45A503F9-F330-43CF-861C-936068342CDC}.Debug|Any CPU.Build.0 = Debug|Any CPU
		{45A503F9-F330-43CF-861C-936068342CDC}.Release|Any CPU.ActiveCfg = Release|Any CPU
		{45A503F9-F330-43CF-861C-936068342CDC}.Release|Any CPU.Build.0 = Release|Any CPU
	EndGlobalSection
	GlobalSection(SolutionProperties) = preSolution
		HideSolutionNode = FALSE
	EndGlobalSection
	GlobalSection(NestedProjects) = preSolution
		{F8C8928C-F3BA-4D41-8A7B-C30A7ADAB93A} = {F034B6AE-D6D5-4C67-8092-49A3A78A57AB}
		{95AB6592-E1BA-4C57-BAD8-47891FA364AB} = {A4A94F69-24DC-45E9-A8E7-4DCEC238B04F}
		{63367FF2-DD00-4555-8F56-814F9FB4E8B6} = {A4A94F69-24DC-45E9-A8E7-4DCEC238B04F}
		{D1F3BDAF-501E-47F3-84D7-C12654120D95} = {A4A94F69-24DC-45E9-A8E7-4DCEC238B04F}
		{03D880FF-AF6D-4055-BE80-8D2551A97166} = {7B5CEFC6-8D3A-460D-8387-1F94D64FCD84}
		{523D91E3-0BA7-4F2C-9301-7D411FAF2728} = {7B5CEFC6-8D3A-460D-8387-1F94D64FCD84}
		{A7654759-4955-4C62-872F-4B8AABBA42A0} = {7B5CEFC6-8D3A-460D-8387-1F94D64FCD84}
		{8BF2CCB8-0145-4A55-83C2-445876391EFC} = {7B5CEFC6-8D3A-460D-8387-1F94D64FCD84}
		{9FEE1DEC-1CE4-44F0-90BC-223D604D024C} = {9642C5B2-5FB2-44BE-9EC5-E543A97FBAC0}
		{E489BAC4-F79D-4295-BB2B-B954E374E8F7} = {9642C5B2-5FB2-44BE-9EC5-E543A97FBAC0}
		{E048D154-8F5C-4049-970B-32BA5ED289DB} = {9642C5B2-5FB2-44BE-9EC5-E543A97FBAC0}
		{CAA4FECC-3A47-47CB-9962-D101FE0C5CA2} = {328C9637-C953-4D70-9DF4-A92FEB558C7A}
		{2F632D3E-FFD9-4398-A500-326204990EB3} = {946EB752-1C75-4891-8E3B-42D1D1209143}
		{45A503F9-F330-43CF-861C-936068342CDC} = {D5881754-37DB-445F-A635-180C12EEEDCC}
	EndGlobalSection
	GlobalSection(ExtensibilityGlobals) = postSolution
		SolutionGuid = {8337A07A-3128-4227-9F40-EAE48A229E5B}
	EndGlobalSection
EndGlobal
